
Microsoft Visual Studio Solution File, Format Version 12.00
# Visual Studio 2012
Project("{FAE04EC0-301F-11D3-BF4B-00C04F79EFBC}") = "TopCoder - SRM 222 Grocery Bagger", "TopCoder - SRM 222 Grocery Bagger\TopCoder - SRM 222 Grocery Bagger.csproj", "{DBF9B0E1-2CBE-4AAC-944A-7AC0B93548BE}"
EndProject
Global
	GlobalSection(SolutionConfigurationPlatforms) = preSolution
		Debug|Any CPU = Debug|Any CPU
		Release|Any CPU = Release|Any CPU
	EndGlobalSection
	GlobalSection(ProjectConfigurationPlatforms) = postSolution
		{DBF9B0E1-2CBE-4AAC-944A-7AC0B93548BE}.Debug|Any CPU.ActiveCfg = Debug|Any CPU
		{DBF9B0E1-2CBE-4AAC-944A-7AC0B93548BE}.Debug|Any CPU.Build.0 = Debug|Any CPU
		{DBF9B0E1-2CBE-4AAC-944A-7AC0B93548BE}.Release|Any CPU.ActiveCfg = Release|Any CPU
		{DBF9B0E1-2CBE-4AAC-944A-7AC0B93548BE}.Release|Any CPU.Build.0 = Release|Any CPU
	EndGlobalSection
	GlobalSection(SolutionProperties) = preSolution
		HideSolutionNode = FALSE
	EndGlobalSection
EndGlobal
