
Microsoft Visual Studio Solution File, Format Version 12.00
# Visual Studio 2012
Project("{FAE04EC0-301F-11D3-BF4B-00C04F79EFBC}") = "2014 Google Code Jam - A. Magic Trick", "2014 Google Code Jam - A. Magic Trick\2014 Google Code Jam - A. Magic Trick.csproj", "{132A2E33-2A86-4A43-9790-E0CC75CDB408}"
EndProject
Global
	GlobalSection(SolutionConfigurationPlatforms) = preSolution
		Debug|Any CPU = Debug|Any CPU
		Release|Any CPU = Release|Any CPU
	EndGlobalSection
	GlobalSection(ProjectConfigurationPlatforms) = postSolution
		{132A2E33-2A86-4A43-9790-E0CC75CDB408}.Debug|Any CPU.ActiveCfg = Debug|Any CPU
		{132A2E33-2A86-4A43-9790-E0CC75CDB408}.Debug|Any CPU.Build.0 = Debug|Any CPU
		{132A2E33-2A86-4A43-9790-E0CC75CDB408}.Release|Any CPU.ActiveCfg = Release|Any CPU
		{132A2E33-2A86-4A43-9790-E0CC75CDB408}.Release|Any CPU.Build.0 = Release|Any CPU
	EndGlobalSection
	GlobalSection(SolutionProperties) = preSolution
		HideSolutionNode = FALSE
	EndGlobalSection
EndGlobal
