
Microsoft Visual Studio Solution File, Format Version 11.00
# Visual C++ Express 2010
Project("{8BC9CEB8-8B4A-11D0-8D11-00A0C91BC942}") = "1. 3n+1", "1. 3n+1\1. 3n+1.vcxproj", "{D56137EF-A46F-4AE5-A58E-CF14EF31E008}"
EndProject
Global
	GlobalSection(SolutionConfigurationPlatforms) = preSolution
		Debug|Win32 = Debug|Win32
		Release|Win32 = Release|Win32
	EndGlobalSection
	GlobalSection(ProjectConfigurationPlatforms) = postSolution
		{D56137EF-A46F-4AE5-A58E-CF14EF31E008}.Debug|Win32.ActiveCfg = Debug|Win32
		{D56137EF-A46F-4AE5-A58E-CF14EF31E008}.Debug|Win32.Build.0 = Debug|Win32
		{D56137EF-A46F-4AE5-A58E-CF14EF31E008}.Release|Win32.ActiveCfg = Release|Win32
		{D56137EF-A46F-4AE5-A58E-CF14EF31E008}.Release|Win32.Build.0 = Release|Win32
	EndGlobalSection
	GlobalSection(SolutionProperties) = preSolution
		HideSolutionNode = FALSE
	EndGlobalSection
EndGlobal
