
Microsoft Visual Studio Solution File, Format Version 11.00
# Visual C++ Express 2010
Project("{8BC9CEB8-8B4A-11D0-8D11-00A0C91BC942}") = "2013 HackerCup Round 1 Card Game", "2013 HackerCup Round 1 Card Game\2013 HackerCup Round 1 Card Game.vcxproj", "{6C3FE2CE-2D8E-4395-807B-9473CFA7AA94}"
EndProject
Global
	GlobalSection(SolutionConfigurationPlatforms) = preSolution
		Debug|Win32 = Debug|Win32
		Release|Win32 = Release|Win32
	EndGlobalSection
	GlobalSection(ProjectConfigurationPlatforms) = postSolution
		{6C3FE2CE-2D8E-4395-807B-9473CFA7AA94}.Debug|Win32.ActiveCfg = Debug|Win32
		{6C3FE2CE-2D8E-4395-807B-9473CFA7AA94}.Debug|Win32.Build.0 = Debug|Win32
		{6C3FE2CE-2D8E-4395-807B-9473CFA7AA94}.Release|Win32.ActiveCfg = Release|Win32
		{6C3FE2CE-2D8E-4395-807B-9473CFA7AA94}.Release|Win32.Build.0 = Release|Win32
	EndGlobalSection
	GlobalSection(SolutionProperties) = preSolution
		HideSolutionNode = FALSE
	EndGlobalSection
EndGlobal
