
Microsoft Visual Studio Solution File, Format Version 11.00
# Visual C++ Express 2010
Project("{8BC9CEB8-8B4A-11D0-8D11-00A0C91BC942}") = "1710. Castle Walls", "1710. Castle Walls\1710. Castle Walls.vcxproj", "{7C68355A-607F-4216-B6F5-80EA67B9679F}"
EndProject
Global
	GlobalSection(SolutionConfigurationPlatforms) = preSolution
		Debug|Win32 = Debug|Win32
		Release|Win32 = Release|Win32
	EndGlobalSection
	GlobalSection(ProjectConfigurationPlatforms) = postSolution
		{7C68355A-607F-4216-B6F5-80EA67B9679F}.Debug|Win32.ActiveCfg = Debug|Win32
		{7C68355A-607F-4216-B6F5-80EA67B9679F}.Debug|Win32.Build.0 = Debug|Win32
		{7C68355A-607F-4216-B6F5-80EA67B9679F}.Release|Win32.ActiveCfg = Release|Win32
		{7C68355A-607F-4216-B6F5-80EA67B9679F}.Release|Win32.Build.0 = Release|Win32
	EndGlobalSection
	GlobalSection(SolutionProperties) = preSolution
		HideSolutionNode = FALSE
	EndGlobalSection
EndGlobal
