
Microsoft Visual Studio Solution File, Format Version 12.00
# Visual Studio 2012
Project("{8BC9CEB8-8B4A-11D0-8D11-00A0C91BC942}") = "ACM 2014 Tryout C", "ACM 2014 Tryout C\ACM 2014 Tryout C.vcxproj", "{D0AD4AC6-B07C-478A-BF7D-85FF2F6C4172}"
EndProject
Global
	GlobalSection(SolutionConfigurationPlatforms) = preSolution
		Debug|Win32 = Debug|Win32
		Release|Win32 = Release|Win32
	EndGlobalSection
	GlobalSection(ProjectConfigurationPlatforms) = postSolution
		{D0AD4AC6-B07C-478A-BF7D-85FF2F6C4172}.Debug|Win32.ActiveCfg = Debug|Win32
		{D0AD4AC6-B07C-478A-BF7D-85FF2F6C4172}.Debug|Win32.Build.0 = Debug|Win32
		{D0AD4AC6-B07C-478A-BF7D-85FF2F6C4172}.Release|Win32.ActiveCfg = Release|Win32
		{D0AD4AC6-B07C-478A-BF7D-85FF2F6C4172}.Release|Win32.Build.0 = Release|Win32
	EndGlobalSection
	GlobalSection(SolutionProperties) = preSolution
		HideSolutionNode = FALSE
	EndGlobalSection
EndGlobal
