
Microsoft Visual Studio Solution File, Format Version 11.00
# Visual C++ Express 2010
Project("{8BC9CEB8-8B4A-11D0-8D11-00A0C91BC942}") = "CodeForces203 A.Two Problems", "CodeForces203 A.Two Problems\CodeForces203 A.Two Problems.vcxproj", "{227FA749-C2C0-428E-8C73-24E062EA7F8F}"
EndProject
Global
	GlobalSection(SolutionConfigurationPlatforms) = preSolution
		Debug|Win32 = Debug|Win32
		Release|Win32 = Release|Win32
	EndGlobalSection
	GlobalSection(ProjectConfigurationPlatforms) = postSolution
		{227FA749-C2C0-428E-8C73-24E062EA7F8F}.Debug|Win32.ActiveCfg = Debug|Win32
		{227FA749-C2C0-428E-8C73-24E062EA7F8F}.Debug|Win32.Build.0 = Debug|Win32
		{227FA749-C2C0-428E-8C73-24E062EA7F8F}.Release|Win32.ActiveCfg = Release|Win32
		{227FA749-C2C0-428E-8C73-24E062EA7F8F}.Release|Win32.Build.0 = Release|Win32
	EndGlobalSection
	GlobalSection(SolutionProperties) = preSolution
		HideSolutionNode = FALSE
	EndGlobalSection
EndGlobal
