
Microsoft Visual Studio Solution File, Format Version 12.00
# Visual Studio 2012
Project("{FAE04EC0-301F-11D3-BF4B-00C04F79EFBC}") = "TopCoder - SRM Classes", "TopCoder - SRM Classes\TopCoder - SRM Classes.csproj", "{EBB53EBB-FE19-4888-AA70-F341E69D0FCD}"
EndProject
Global
	GlobalSection(SolutionConfigurationPlatforms) = preSolution
		Debug|Any CPU = Debug|Any CPU
		Release|Any CPU = Release|Any CPU
	EndGlobalSection
	GlobalSection(ProjectConfigurationPlatforms) = postSolution
		{EBB53EBB-FE19-4888-AA70-F341E69D0FCD}.Debug|Any CPU.ActiveCfg = Debug|Any CPU
		{EBB53EBB-FE19-4888-AA70-F341E69D0FCD}.Debug|Any CPU.Build.0 = Debug|Any CPU
		{EBB53EBB-FE19-4888-AA70-F341E69D0FCD}.Release|Any CPU.ActiveCfg = Release|Any CPU
		{EBB53EBB-FE19-4888-AA70-F341E69D0FCD}.Release|Any CPU.Build.0 = Release|Any CPU
	EndGlobalSection
	GlobalSection(SolutionProperties) = preSolution
		HideSolutionNode = FALSE
	EndGlobalSection
EndGlobal
