
Microsoft Visual Studio Solution File, Format Version 12.00
# Visual Studio 2012
Project("{8BC9CEB8-8B4A-11D0-8D11-00A0C91BC942}") = "1.5 Graphical Editor (10267)", "1.5 Graphical Editor (10267)\1.5 Graphical Editor (10267).vcxproj", "{FE341EBE-96C1-4EBF-AB6C-65F250DAF1CA}"
EndProject
Global
	GlobalSection(SolutionConfigurationPlatforms) = preSolution
		Debug|Win32 = Debug|Win32
		Release|Win32 = Release|Win32
	EndGlobalSection
	GlobalSection(ProjectConfigurationPlatforms) = postSolution
		{FE341EBE-96C1-4EBF-AB6C-65F250DAF1CA}.Debug|Win32.ActiveCfg = Debug|Win32
		{FE341EBE-96C1-4EBF-AB6C-65F250DAF1CA}.Debug|Win32.Build.0 = Debug|Win32
		{FE341EBE-96C1-4EBF-AB6C-65F250DAF1CA}.Release|Win32.ActiveCfg = Release|Win32
		{FE341EBE-96C1-4EBF-AB6C-65F250DAF1CA}.Release|Win32.Build.0 = Release|Win32
	EndGlobalSection
	GlobalSection(SolutionProperties) = preSolution
		HideSolutionNode = FALSE
	EndGlobalSection
EndGlobal
