
Microsoft Visual Studio Solution File, Format Version 12.00
# Visual Studio Express 2012 for Windows Desktop
Project("{8BC9CEB8-8B4A-11D0-8D11-00A0C91BC942}") = "BitManipulation", "BitManipulation\BitManipulation.vcxproj", "{AB64B0C4-8D97-4B77-A005-381548A45541}"
EndProject
Global
	GlobalSection(SolutionConfigurationPlatforms) = preSolution
		Debug|Win32 = Debug|Win32
		Release|Win32 = Release|Win32
	EndGlobalSection
	GlobalSection(ProjectConfigurationPlatforms) = postSolution
		{AB64B0C4-8D97-4B77-A005-381548A45541}.Debug|Win32.ActiveCfg = Debug|Win32
		{AB64B0C4-8D97-4B77-A005-381548A45541}.Debug|Win32.Build.0 = Debug|Win32
		{AB64B0C4-8D97-4B77-A005-381548A45541}.Release|Win32.ActiveCfg = Release|Win32
		{AB64B0C4-8D97-4B77-A005-381548A45541}.Release|Win32.Build.0 = Release|Win32
	EndGlobalSection
	GlobalSection(SolutionProperties) = preSolution
		HideSolutionNode = FALSE
	EndGlobalSection
EndGlobal
