
Microsoft Visual Studio Solution File, Format Version 12.00
# Visual Studio 2012
Project("{8BC9CEB8-8B4A-11D0-8D11-00A0C91BC942}") = "ACM 2010 tryout B - Repechage", "ACM 2010 tryout B - Repechage\ACM 2010 tryout B - Repechage.vcxproj", "{B535F0F5-7DEC-45B9-A9E6-17863F186FF6}"
EndProject
Global
	GlobalSection(SolutionConfigurationPlatforms) = preSolution
		Debug|Win32 = Debug|Win32
		Release|Win32 = Release|Win32
	EndGlobalSection
	GlobalSection(ProjectConfigurationPlatforms) = postSolution
		{B535F0F5-7DEC-45B9-A9E6-17863F186FF6}.Debug|Win32.ActiveCfg = Debug|Win32
		{B535F0F5-7DEC-45B9-A9E6-17863F186FF6}.Debug|Win32.Build.0 = Debug|Win32
		{B535F0F5-7DEC-45B9-A9E6-17863F186FF6}.Release|Win32.ActiveCfg = Release|Win32
		{B535F0F5-7DEC-45B9-A9E6-17863F186FF6}.Release|Win32.Build.0 = Release|Win32
	EndGlobalSection
	GlobalSection(SolutionProperties) = preSolution
		HideSolutionNode = FALSE
	EndGlobalSection
EndGlobal
