
Microsoft Visual Studio Solution File, Format Version 12.00
# Visual Studio 2012
Project("{8BC9CEB8-8B4A-11D0-8D11-00A0C91BC942}") = "ACM 2010 tryout A - Paperboy", "ACM 2010 tryout A - Paperboy\ACM 2010 tryout A - Paperboy.vcxproj", "{CD2F0F12-87D5-4512-85F6-AFB1B733AFA1}"
EndProject
Global
	GlobalSection(SolutionConfigurationPlatforms) = preSolution
		Debug|Win32 = Debug|Win32
		Release|Win32 = Release|Win32
	EndGlobalSection
	GlobalSection(ProjectConfigurationPlatforms) = postSolution
		{CD2F0F12-87D5-4512-85F6-AFB1B733AFA1}.Debug|Win32.ActiveCfg = Debug|Win32
		{CD2F0F12-87D5-4512-85F6-AFB1B733AFA1}.Debug|Win32.Build.0 = Debug|Win32
		{CD2F0F12-87D5-4512-85F6-AFB1B733AFA1}.Release|Win32.ActiveCfg = Release|Win32
		{CD2F0F12-87D5-4512-85F6-AFB1B733AFA1}.Release|Win32.Build.0 = Release|Win32
	EndGlobalSection
	GlobalSection(SolutionProperties) = preSolution
		HideSolutionNode = FALSE
	EndGlobalSection
EndGlobal
